
Microsoft Visual Studio Solution File, Format Version 12.00
# Visual Studio Version 16
VisualStudioVersion = 16.0.33927.289
MinimumVisualStudioVersion = 10.0.40219.1
Project("{FAE04EC0-301F-11D3-BF4B-00C04F79EFBC}") = "SCP056Plugin2", "SCP056Plugin2\SCP056Plugin2.csproj", "{34307303-79C8-461E-91CD-B1D7ED9ABFE2}"
EndProject
Global
	GlobalSection(SolutionConfigurationPlatforms) = preSolution
		Debug|Any CPU = Debug|Any CPU
		Release|Any CPU = Release|Any CPU
	EndGlobalSection
	GlobalSection(ProjectConfigurationPlatforms) = postSolution
		{34307303-79C8-461E-91CD-B1D7ED9ABFE2}.Debug|Any CPU.ActiveCfg = Debug|Any CPU
		{34307303-79C8-461E-91CD-B1D7ED9ABFE2}.Debug|Any CPU.Build.0 = Debug|Any CPU
		{34307303-79C8-461E-91CD-B1D7ED9ABFE2}.Release|Any CPU.ActiveCfg = Release|Any CPU
		{34307303-79C8-461E-91CD-B1D7ED9ABFE2}.Release|Any CPU.Build.0 = Release|Any CPU
	EndGlobalSection
	GlobalSection(SolutionProperties) = preSolution
		HideSolutionNode = FALSE
	EndGlobalSection
	GlobalSection(ExtensibilityGlobals) = postSolution
		SolutionGuid = {DB993FC2-E724-4864-BB32-06D0181E8E91}
	EndGlobalSection
EndGlobal
